// !$*UTF8*$!
{
	archiveVersion = 1;
	classes = {
	};
	objectVersion = 46;
	objects = {

/* Begin PBXBuildFile section */
		3E12888A1FBAAE72005D4247 /* AppDelegate.swift in Sources */ = {isa = PBXBuildFile; fileRef = 3E1288891FBAAE72005D4247 /* AppDelegate.swift */; };
		3E12888F1FBAAE72005D4247 /* Main.storyboard in Resources */ = {isa = PBXBuildFile; fileRef = 3E12888D1FBAAE72005D4247 /* Main.storyboard */; };
		3E1288911FBAAE72005D4247 /* Assets.xcassets in Resources */ = {isa = PBXBuildFile; fileRef = 3E1288901FBAAE72005D4247 /* Assets.xcassets */; };
		3E1288941FBAAE72005D4247 /* LaunchScreen.storyboard in Resources */ = {isa = PBXBuildFile; fileRef = 3E1288921FBAAE72005D4247 /* LaunchScreen.storyboard */; };
		3E12889C1FBAB1F8005D4247 /* AppFlowViewController.swift in Sources */ = {isa = PBXBuildFile; fileRef = 3E12889B1FBAB1F8005D4247 /* AppFlowViewController.swift */; };
		3E12889F1FBAB280005D4247 /* UIViewController+instantiateFromStoryboard.swift in Sources */ = {isa = PBXBuildFile; fileRef = 3E12889E1FBAB280005D4247 /* UIViewController+instantiateFromStoryboard.swift */; };
		3ECE4F511FBAB3B10031E5E9 /* LoginViewController.swift in Sources */ = {isa = PBXBuildFile; fileRef = 3ECE4F501FBAB3B10031E5E9 /* LoginViewController.swift */; };
		3ECE4F541FBAB5600031E5E9 /* FollowersListViewController.swift in Sources */ = {isa = PBXBuildFile; fileRef = 3ECE4F531FBAB5600031E5E9 /* FollowersListViewController.swift */; };
		3ECE4F561FBAB7B00031E5E9 /* TwitterApiPortal.swift in Sources */ = {isa = PBXBuildFile; fileRef = 3ECE4F551FBAB7B00031E5E9 /* TwitterApiPortal.swift */; };
		3ECE4F581FBAC52E0031E5E9 /* TwitterHelper.swift in Sources */ = {isa = PBXBuildFile; fileRef = 3ECE4F571FBAC52E0031E5E9 /* TwitterHelper.swift */; };
		3ECE4F5A1FBD2E5B0031E5E9 /* String+HMAC.swift in Sources */ = {isa = PBXBuildFile; fileRef = 3ECE4F591FBD2E5B0031E5E9 /* String+HMAC.swift */; };
		3ECE4F5C1FBD2E6F0031E5E9 /* String+TwitterEncoding.swift in Sources */ = {isa = PBXBuildFile; fileRef = 3ECE4F5B1FBD2E6F0031E5E9 /* String+TwitterEncoding.swift */; };
		3ECE4F691FBD5BB60031E5E9 /* AuthToken.swift in Sources */ = {isa = PBXBuildFile; fileRef = 3ECE4F681FBD5BB60031E5E9 /* AuthToken.swift */; };
		3ECE4F6B1FBD5F310031E5E9 /* TwitterLoginWebViewController.swift in Sources */ = {isa = PBXBuildFile; fileRef = 3ECE4F6A1FBD5F310031E5E9 /* TwitterLoginWebViewController.swift */; };
		3ECE4F6D1FBD62F50031E5E9 /* HelperMethods.swift in Sources */ = {isa = PBXBuildFile; fileRef = 3ECE4F6C1FBD62F50031E5E9 /* HelperMethods.swift */; };
		3ECE4F6F1FBF982B0031E5E9 /* UserInfo.swift in Sources */ = {isa = PBXBuildFile; fileRef = 3ECE4F6E1FBF982B0031E5E9 /* UserInfo.swift */; };
		3ECE4F711FC0B9F80031E5E9 /* User.swift in Sources */ = {isa = PBXBuildFile; fileRef = 3ECE4F701FC0B9F80031E5E9 /* User.swift */; };
		3ECE4F761FC0E4610031E5E9 /* ICSInfiniteScrolling.swift in Sources */ = {isa = PBXBuildFile; fileRef = 3ECE4F731FC0E4610031E5E9 /* ICSInfiniteScrolling.swift */; };
		3ECE4F771FC0E4610031E5E9 /* ICSPullToRefresh.swift in Sources */ = {isa = PBXBuildFile; fileRef = 3ECE4F751FC0E4610031E5E9 /* ICSPullToRefresh.swift */; };
		3ECE4F791FC0E6110031E5E9 /* Error+Code.swift in Sources */ = {isa = PBXBuildFile; fileRef = 3ECE4F781FC0E6110031E5E9 /* Error+Code.swift */; };
		3ECE4F7B1FC0E7100031E5E9 /* TwitterClientPlaceHolders.swift in Sources */ = {isa = PBXBuildFile; fileRef = 3ECE4F7A1FC0E7100031E5E9 /* TwitterClientPlaceHolders.swift */; };
		3ECE4F7D1FC0FEB60031E5E9 /* Follower.swift in Sources */ = {isa = PBXBuildFile; fileRef = 3ECE4F7C1FC0FEB60031E5E9 /* Follower.swift */; };
		3ECE4F7F1FC104D00031E5E9 /* FollowerTableViewCell.swift in Sources */ = {isa = PBXBuildFile; fileRef = 3ECE4F7E1FC104D00031E5E9 /* FollowerTableViewCell.swift */; };
		3ECE4F811FC116D20031E5E9 /* FollowerDetailsViewController.swift in Sources */ = {isa = PBXBuildFile; fileRef = 3ECE4F801FC116D20031E5E9 /* FollowerDetailsViewController.swift */; };
		A33608644ABF3FCCCF1A85DE /* Pods_TwitterClient.framework in Frameworks */ = {isa = PBXBuildFile; fileRef = 326EEF3E35C949D313F51F07 /* Pods_TwitterClient.framework */; };
/* End PBXBuildFile section */

/* Begin PBXFileReference section */
		0886945580E6B2F2218AD962 /* Pods-TwitterClient.release.xcconfig */ = {isa = PBXFileReference; includeInIndex = 1; lastKnownFileType = text.xcconfig; name = "Pods-TwitterClient.release.xcconfig"; path = "Pods/Target Support Files/Pods-TwitterClient/Pods-TwitterClient.release.xcconfig"; sourceTree = "<group>"; };
		326EEF3E35C949D313F51F07 /* Pods_TwitterClient.framework */ = {isa = PBXFileReference; explicitFileType = wrapper.framework; includeInIndex = 0; path = Pods_TwitterClient.framework; sourceTree = BUILT_PRODUCTS_DIR; };
		3E1288861FBAAE72005D4247 /* TwitterClient.app */ = {isa = PBXFileReference; explicitFileType = wrapper.application; includeInIndex = 0; path = TwitterClient.app; sourceTree = BUILT_PRODUCTS_DIR; };
		3E1288891FBAAE72005D4247 /* AppDelegate.swift */ = {isa = PBXFileReference; lastKnownFileType = sourcecode.swift; path = AppDelegate.swift; sourceTree = "<group>"; };
		3E12888E1FBAAE72005D4247 /* Base */ = {isa = PBXFileReference; lastKnownFileType = file.storyboard; name = Base; path = Base.lproj/Main.storyboard; sourceTree = "<group>"; };
		3E1288901FBAAE72005D4247 /* Assets.xcassets */ = {isa = PBXFileReference; lastKnownFileType = folder.assetcatalog; path = Assets.xcassets; sourceTree = "<group>"; };
		3E1288931FBAAE72005D4247 /* Base */ = {isa = PBXFileReference; lastKnownFileType = file.storyboard; name = Base; path = Base.lproj/LaunchScreen.storyboard; sourceTree = "<group>"; };
		3E1288951FBAAE72005D4247 /* Info.plist */ = {isa = PBXFileReference; lastKnownFileType = text.plist.xml; path = Info.plist; sourceTree = "<group>"; };
		3E12889B1FBAB1F8005D4247 /* AppFlowViewController.swift */ = {isa = PBXFileReference; fileEncoding = 4; lastKnownFileType = sourcecode.swift; path = AppFlowViewController.swift; sourceTree = "<group>"; };
		3E12889E1FBAB280005D4247 /* UIViewController+instantiateFromStoryboard.swift */ = {isa = PBXFileReference; fileEncoding = 4; lastKnownFileType = sourcecode.swift; name = "UIViewController+instantiateFromStoryboard.swift"; path = "Extensions/UIViewController+instantiateFromStoryboard.swift"; sourceTree = "<group>"; };
		3ECE4F501FBAB3B10031E5E9 /* LoginViewController.swift */ = {isa = PBXFileReference; fileEncoding = 4; lastKnownFileType = sourcecode.swift; name = LoginViewController.swift; path = Modules/LoginViewController.swift; sourceTree = "<group>"; };
		3ECE4F531FBAB5600031E5E9 /* FollowersListViewController.swift */ = {isa = PBXFileReference; fileEncoding = 4; lastKnownFileType = sourcecode.swift; name = FollowersListViewController.swift; path = Modules/FollowersListViewController.swift; sourceTree = "<group>"; };
		3ECE4F551FBAB7B00031E5E9 /* TwitterApiPortal.swift */ = {isa = PBXFileReference; fileEncoding = 4; lastKnownFileType = sourcecode.swift; path = TwitterApiPortal.swift; sourceTree = "<group>"; };
		3ECE4F571FBAC52E0031E5E9 /* TwitterHelper.swift */ = {isa = PBXFileReference; fileEncoding = 4; lastKnownFileType = sourcecode.swift; path = TwitterHelper.swift; sourceTree = "<group>"; };
		3ECE4F591FBD2E5B0031E5E9 /* String+HMAC.swift */ = {isa = PBXFileReference; fileEncoding = 4; lastKnownFileType = sourcecode.swift; name = "String+HMAC.swift"; path = "Extensions/String+HMAC.swift"; sourceTree = "<group>"; };
		3ECE4F5B1FBD2E6F0031E5E9 /* String+TwitterEncoding.swift */ = {isa = PBXFileReference; fileEncoding = 4; lastKnownFileType = sourcecode.swift; name = "String+TwitterEncoding.swift"; path = "Extensions/String+TwitterEncoding.swift"; sourceTree = "<group>"; };
		3ECE4F631FBD30C70031E5E9 /* TwitterClient-Bridging-Header.h */ = {isa = PBXFileReference; lastKnownFileType = sourcecode.c.h; path = "TwitterClient-Bridging-Header.h"; sourceTree = "<group>"; };
		3ECE4F681FBD5BB60031E5E9 /* AuthToken.swift */ = {isa = PBXFileReference; fileEncoding = 4; lastKnownFileType = sourcecode.swift; name = AuthToken.swift; path = Models/AuthToken.swift; sourceTree = "<group>"; };
		3ECE4F6A1FBD5F310031E5E9 /* TwitterLoginWebViewController.swift */ = {isa = PBXFileReference; fileEncoding = 4; lastKnownFileType = sourcecode.swift; name = TwitterLoginWebViewController.swift; path = Modules/TwitterLoginWebViewController.swift; sourceTree = "<group>"; };
		3ECE4F6C1FBD62F50031E5E9 /* HelperMethods.swift */ = {isa = PBXFileReference; fileEncoding = 4; lastKnownFileType = sourcecode.swift; name = HelperMethods.swift; path = Extensions/HelperMethods.swift; sourceTree = "<group>"; };
		3ECE4F6E1FBF982B0031E5E9 /* UserInfo.swift */ = {isa = PBXFileReference; fileEncoding = 4; lastKnownFileType = sourcecode.swift; path = UserInfo.swift; sourceTree = "<group>"; };
		3ECE4F701FC0B9F80031E5E9 /* User.swift */ = {isa = PBXFileReference; fileEncoding = 4; lastKnownFileType = sourcecode.swift; name = User.swift; path = Models/User.swift; sourceTree = "<group>"; };
		3ECE4F731FC0E4610031E5E9 /* ICSInfiniteScrolling.swift */ = {isa = PBXFileReference; fileEncoding = 4; lastKnownFileType = sourcecode.swift; path = ICSInfiniteScrolling.swift; sourceTree = "<group>"; };
		3ECE4F741FC0E4610031E5E9 /* ICSPullToRefresh.h */ = {isa = PBXFileReference; fileEncoding = 4; lastKnownFileType = sourcecode.c.h; path = ICSPullToRefresh.h; sourceTree = "<group>"; };
		3ECE4F751FC0E4610031E5E9 /* ICSPullToRefresh.swift */ = {isa = PBXFileReference; fileEncoding = 4; lastKnownFileType = sourcecode.swift; path = ICSPullToRefresh.swift; sourceTree = "<group>"; };
		3ECE4F781FC0E6110031E5E9 /* Error+Code.swift */ = {isa = PBXFileReference; fileEncoding = 4; lastKnownFileType = sourcecode.swift; path = "Error+Code.swift"; sourceTree = "<group>"; };
		3ECE4F7A1FC0E7100031E5E9 /* TwitterClientPlaceHolders.swift */ = {isa = PBXFileReference; fileEncoding = 4; lastKnownFileType = sourcecode.swift; path = TwitterClientPlaceHolders.swift; sourceTree = "<group>"; };
		3ECE4F7C1FC0FEB60031E5E9 /* Follower.swift */ = {isa = PBXFileReference; fileEncoding = 4; lastKnownFileType = sourcecode.swift; path = Follower.swift; sourceTree = "<group>"; };
		3ECE4F7E1FC104D00031E5E9 /* FollowerTableViewCell.swift */ = {isa = PBXFileReference; fileEncoding = 4; lastKnownFileType = sourcecode.swift; name = FollowerTableViewCell.swift; path = Modules/FollowerTableViewCell.swift; sourceTree = "<group>"; };
		3ECE4F801FC116D20031E5E9 /* FollowerDetailsViewController.swift */ = {isa = PBXFileReference; fileEncoding = 4; lastKnownFileType = sourcecode.swift; name = FollowerDetailsViewController.swift; path = Modules/FollowerDetailsViewController.swift; sourceTree = "<group>"; };
		5B3EFEA361A50BFDEC149AC9 /* Pods-TwitterClient.debug.xcconfig */ = {isa = PBXFileReference; includeInIndex = 1; lastKnownFileType = text.xcconfig; name = "Pods-TwitterClient.debug.xcconfig"; path = "Pods/Target Support Files/Pods-TwitterClient/Pods-TwitterClient.debug.xcconfig"; sourceTree = "<group>"; };
/* End PBXFileReference section */

/* Begin PBXFrameworksBuildPhase section */
		3E1288831FBAAE72005D4247 /* Frameworks */ = {
			isa = PBXFrameworksBuildPhase;
			buildActionMask = 2147483647;
			files = (
				A33608644ABF3FCCCF1A85DE /* Pods_TwitterClient.framework in Frameworks */,
			);
			runOnlyForDeploymentPostprocessing = 0;
		};
/* End PBXFrameworksBuildPhase section */

/* Begin PBXGroup section */
		2546F5849142223C39FDFF34 /* Pods */ = {
			isa = PBXGroup;
			children = (
				5B3EFEA361A50BFDEC149AC9 /* Pods-TwitterClient.debug.xcconfig */,
				0886945580E6B2F2218AD962 /* Pods-TwitterClient.release.xcconfig */,
			);
			name = Pods;
			sourceTree = "<group>";
		};
		3E12887D1FBAAE72005D4247 = {
			isa = PBXGroup;
			children = (
				3E1288881FBAAE72005D4247 /* TwitterClient */,
				3E1288871FBAAE72005D4247 /* Products */,
				2546F5849142223C39FDFF34 /* Pods */,
				A12E00FBBACE04A5EA970FBF /* Frameworks */,
			);
			sourceTree = "<group>";
		};
		3E1288871FBAAE72005D4247 /* Products */ = {
			isa = PBXGroup;
			children = (
				3E1288861FBAAE72005D4247 /* TwitterClient.app */,
			);
			name = Products;
			sourceTree = "<group>";
		};
		3E1288881FBAAE72005D4247 /* TwitterClient */ = {
			isa = PBXGroup;
			children = (
				3E12888D1FBAAE72005D4247 /* Main.storyboard */,
				3ECE4F521FBAB3B70031E5E9 /* Modules */,
				3ECE4F671FBD5B940031E5E9 /* Models */,
				3E12889D1FBAB23D005D4247 /* Extensions */,
				3E1288A01FBAB2B1005D4247 /* SupportFiles */,
			);
			path = TwitterClient;
			sourceTree = "<group>";
		};
		3E12889D1FBAB23D005D4247 /* Extensions */ = {
			isa = PBXGroup;
			children = (
				3E12889E1FBAB280005D4247 /* UIViewController+instantiateFromStoryboard.swift */,
				3ECE4F591FBD2E5B0031E5E9 /* String+HMAC.swift */,
				3ECE4F5B1FBD2E6F0031E5E9 /* String+TwitterEncoding.swift */,
				3ECE4F6C1FBD62F50031E5E9 /* HelperMethods.swift */,
				3ECE4F781FC0E6110031E5E9 /* Error+Code.swift */,
				3ECE4F7A1FC0E7100031E5E9 /* TwitterClientPlaceHolders.swift */,
			);
			name = Extensions;
			sourceTree = "<group>";
		};
		3E1288A01FBAB2B1005D4247 /* SupportFiles */ = {
			isa = PBXGroup;
			children = (
				3ECE4F551FBAB7B00031E5E9 /* TwitterApiPortal.swift */,
				3ECE4F571FBAC52E0031E5E9 /* TwitterHelper.swift */,
				3E1288891FBAAE72005D4247 /* AppDelegate.swift */,
				3E1288921FBAAE72005D4247 /* LaunchScreen.storyboard */,
				3E1288901FBAAE72005D4247 /* Assets.xcassets */,
				3E1288951FBAAE72005D4247 /* Info.plist */,
				3ECE4F631FBD30C70031E5E9 /* TwitterClient-Bridging-Header.h */,
			);
			name = SupportFiles;
			sourceTree = "<group>";
		};
		3ECE4F521FBAB3B70031E5E9 /* Modules */ = {
			isa = PBXGroup;
			children = (
				3ECE4F501FBAB3B10031E5E9 /* LoginViewController.swift */,
				3E12889B1FBAB1F8005D4247 /* AppFlowViewController.swift */,
				3ECE4F531FBAB5600031E5E9 /* FollowersListViewController.swift */,
				3ECE4F6A1FBD5F310031E5E9 /* TwitterLoginWebViewController.swift */,
				3ECE4F7E1FC104D00031E5E9 /* FollowerTableViewCell.swift */,
				3ECE4F801FC116D20031E5E9 /* FollowerDetailsViewController.swift */,
			);
			name = Modules;
			sourceTree = "<group>";
		};
		3ECE4F671FBD5B940031E5E9 /* Models */ = {
			isa = PBXGroup;
			children = (
				3ECE4F701FC0B9F80031E5E9 /* User.swift */,
				3ECE4F681FBD5BB60031E5E9 /* AuthToken.swift */,
				3ECE4F6E1FBF982B0031E5E9 /* UserInfo.swift */,
				3ECE4F7C1FC0FEB60031E5E9 /* Follower.swift */,
			);
			name = Models;
			sourceTree = "<group>";
		};
		3ECE4F721FC0E4610031E5E9 /* ICSPullToRefresh */ = {
			isa = PBXGroup;
			children = (
				3ECE4F731FC0E4610031E5E9 /* ICSInfiniteScrolling.swift */,
				3ECE4F741FC0E4610031E5E9 /* ICSPullToRefresh.h */,
				3ECE4F751FC0E4610031E5E9 /* ICSPullToRefresh.swift */,
			);
			path = ICSPullToRefresh;
			sourceTree = "<group>";
		};
		A12E00FBBACE04A5EA970FBF /* Frameworks */ = {
			isa = PBXGroup;
			children = (
				3ECE4F721FC0E4610031E5E9 /* ICSPullToRefresh */,
				326EEF3E35C949D313F51F07 /* Pods_TwitterClient.framework */,
			);
			name = Frameworks;
			sourceTree = "<group>";
		};
/* End PBXGroup section */

/* Begin PBXNativeTarget section */
		3E1288851FBAAE72005D4247 /* TwitterClient */ = {
			isa = PBXNativeTarget;
			buildConfigurationList = 3E1288981FBAAE72005D4247 /* Build configuration list for PBXNativeTarget "TwitterClient" */;
			buildPhases = (
				9037F34FA1F843A3ADEA6B71 /* [CP] Check Pods Manifest.lock */,
				3E1288821FBAAE72005D4247 /* Sources */,
				3E1288831FBAAE72005D4247 /* Frameworks */,
				3E1288841FBAAE72005D4247 /* Resources */,
				2AB83E07555C29D0247F4F51 /* [CP] Embed Pods Frameworks */,
				832B75CCDF61BD3288E6404D /* [CP] Copy Pods Resources */,
			);
			buildRules = (
			);
			dependencies = (
			);
			name = TwitterClient;
			productName = TwitterClient;
			productReference = 3E1288861FBAAE72005D4247 /* TwitterClient.app */;
			productType = "com.apple.product-type.application";
		};
/* End PBXNativeTarget section */

/* Begin PBXProject section */
		3E12887E1FBAAE72005D4247 /* Project object */ = {
			isa = PBXProject;
			attributes = {
				LastSwiftUpdateCheck = 0820;
				LastUpgradeCheck = 0820;
				ORGANIZATIONNAME = Elwan;
				TargetAttributes = {
					3E1288851FBAAE72005D4247 = {
						CreatedOnToolsVersion = 8.2.1;
						DevelopmentTeam = 7DRTN6B9Y6;
						LastSwiftMigration = 0820;
						ProvisioningStyle = Automatic;
					};
				};
			};
			buildConfigurationList = 3E1288811FBAAE72005D4247 /* Build configuration list for PBXProject "TwitterClient" */;
			compatibilityVersion = "Xcode 3.2";
			developmentRegion = English;
			hasScannedForEncodings = 0;
			knownRegions = (
				en,
				Base,
			);
			mainGroup = 3E12887D1FBAAE72005D4247;
			productRefGroup = 3E1288871FBAAE72005D4247 /* Products */;
			projectDirPath = "";
			projectRoot = "";
			targets = (
				3E1288851FBAAE72005D4247 /* TwitterClient */,
			);
		};
/* End PBXProject section */

/* Begin PBXResourcesBuildPhase section */
		3E1288841FBAAE72005D4247 /* Resources */ = {
			isa = PBXResourcesBuildPhase;
			buildActionMask = 2147483647;
			files = (
				3E1288941FBAAE72005D4247 /* LaunchScreen.storyboard in Resources */,
				3E1288911FBAAE72005D4247 /* Assets.xcassets in Resources */,
				3E12888F1FBAAE72005D4247 /* Main.storyboard in Resources */,
			);
			runOnlyForDeploymentPostprocessing = 0;
		};
/* End PBXResourcesBuildPhase section */

/* Begin PBXShellScriptBuildPhase section */
		2AB83E07555C29D0247F4F51 /* [CP] Embed Pods Frameworks */ = {
			isa = PBXShellScriptBuildPhase;
			buildActionMask = 2147483647;
			files = (
			);
			inputPaths = (
			);
			name = "[CP] Embed Pods Frameworks";
			outputPaths = (
			);
			runOnlyForDeploymentPostprocessing = 0;
			shellPath = /bin/sh;
			shellScript = "\"${SRCROOT}/Pods/Target Support Files/Pods-TwitterClient/Pods-TwitterClient-frameworks.sh\"\n";
			showEnvVarsInLog = 0;
		};
		832B75CCDF61BD3288E6404D /* [CP] Copy Pods Resources */ = {
			isa = PBXShellScriptBuildPhase;
			buildActionMask = 2147483647;
			files = (
			);
			inputPaths = (
			);
			name = "[CP] Copy Pods Resources";
			outputPaths = (
			);
			runOnlyForDeploymentPostprocessing = 0;
			shellPath = /bin/sh;
			shellScript = "\"${SRCROOT}/Pods/Target Support Files/Pods-TwitterClient/Pods-TwitterClient-resources.sh\"\n";
			showEnvVarsInLog = 0;
		};
		9037F34FA1F843A3ADEA6B71 /* [CP] Check Pods Manifest.lock */ = {
			isa = PBXShellScriptBuildPhase;
			buildActionMask = 2147483647;
			files = (
			);
			inputPaths = (
			);
			name = "[CP] Check Pods Manifest.lock";
			outputPaths = (
			);
			runOnlyForDeploymentPostprocessing = 0;
			shellPath = /bin/sh;
			shellScript = "diff \"${PODS_ROOT}/../Podfile.lock\" \"${PODS_ROOT}/Manifest.lock\" > /dev/null\nif [ $? != 0 ] ; then\n    # print error to STDERR\n    echo \"error: The sandbox is not in sync with the Podfile.lock. Run 'pod install' or update your CocoaPods installation.\" >&2\n    exit 1\nfi\n";
			showEnvVarsInLog = 0;
		};
/* End PBXShellScriptBuildPhase section */

/* Begin PBXSourcesBuildPhase section */
		3E1288821FBAAE72005D4247 /* Sources */ = {
			isa = PBXSourcesBuildPhase;
			buildActionMask = 2147483647;
			files = (
				3ECE4F7D1FC0FEB60031E5E9 /* Follower.swift in Sources */,
				3ECE4F5C1FBD2E6F0031E5E9 /* String+TwitterEncoding.swift in Sources */,
				3ECE4F511FBAB3B10031E5E9 /* LoginViewController.swift in Sources */,
				3ECE4F6D1FBD62F50031E5E9 /* HelperMethods.swift in Sources */,
				3E12889C1FBAB1F8005D4247 /* AppFlowViewController.swift in Sources */,
				3ECE4F691FBD5BB60031E5E9 /* AuthToken.swift in Sources */,
				3ECE4F561FBAB7B00031E5E9 /* TwitterApiPortal.swift in Sources */,
				3ECE4F711FC0B9F80031E5E9 /* User.swift in Sources */,
				3ECE4F6B1FBD5F310031E5E9 /* TwitterLoginWebViewController.swift in Sources */,
				3E12889F1FBAB280005D4247 /* UIViewController+instantiateFromStoryboard.swift in Sources */,
				3ECE4F6F1FBF982B0031E5E9 /* UserInfo.swift in Sources */,
				3ECE4F7F1FC104D00031E5E9 /* FollowerTableViewCell.swift in Sources */,
				3E12888A1FBAAE72005D4247 /* AppDelegate.swift in Sources */,
				3ECE4F581FBAC52E0031E5E9 /* TwitterHelper.swift in Sources */,
				3ECE4F761FC0E4610031E5E9 /* ICSInfiniteScrolling.swift in Sources */,
				3ECE4F541FBAB5600031E5E9 /* FollowersListViewController.swift in Sources */,
				3ECE4F5A1FBD2E5B0031E5E9 /* String+HMAC.swift in Sources */,
				3ECE4F791FC0E6110031E5E9 /* Error+Code.swift in Sources */,
				3ECE4F811FC116D20031E5E9 /* FollowerDetailsViewController.swift in Sources */,
				3ECE4F7B1FC0E7100031E5E9 /* TwitterClientPlaceHolders.swift in Sources */,
				3ECE4F771FC0E4610031E5E9 /* ICSPullToRefresh.swift in Sources */,
			);
			runOnlyForDeploymentPostprocessing = 0;
		};
/* End PBXSourcesBuildPhase section */

/* Begin PBXVariantGroup section */
		3E12888D1FBAAE72005D4247 /* Main.storyboard */ = {
			isa = PBXVariantGroup;
			children = (
				3E12888E1FBAAE72005D4247 /* Base */,
			);
			name = Main.storyboard;
			sourceTree = "<group>";
		};
		3E1288921FBAAE72005D4247 /* LaunchScreen.storyboard */ = {
			isa = PBXVariantGroup;
			children = (
				3E1288931FBAAE72005D4247 /* Base */,
			);
			name = LaunchScreen.storyboard;
			sourceTree = "<group>";
		};
/* End PBXVariantGroup section */

/* Begin XCBuildConfiguration section */
		3E1288961FBAAE72005D4247 /* Debug */ = {
			isa = XCBuildConfiguration;
			buildSettings = {
				ALWAYS_SEARCH_USER_PATHS = NO;
				CLANG_ANALYZER_NONNULL = YES;
				CLANG_CXX_LANGUAGE_STANDARD = "gnu++0x";
				CLANG_CXX_LIBRARY = "libc++";
				CLANG_ENABLE_MODULES = YES;
				CLANG_ENABLE_OBJC_ARC = YES;
				CLANG_WARN_BOOL_CONVERSION = YES;
				CLANG_WARN_CONSTANT_CONVERSION = YES;
				CLANG_WARN_DIRECT_OBJC_ISA_USAGE = YES_ERROR;
				CLANG_WARN_DOCUMENTATION_COMMENTS = YES;
				CLANG_WARN_EMPTY_BODY = YES;
				CLANG_WARN_ENUM_CONVERSION = YES;
				CLANG_WARN_INFINITE_RECURSION = YES;
				CLANG_WARN_INT_CONVERSION = YES;
				CLANG_WARN_OBJC_ROOT_CLASS = YES_ERROR;
				CLANG_WARN_SUSPICIOUS_MOVE = YES;
				CLANG_WARN_UNREACHABLE_CODE = YES;
				CLANG_WARN__DUPLICATE_METHOD_MATCH = YES;
				"CODE_SIGN_IDENTITY[sdk=iphoneos*]" = "iPhone Developer";
				COPY_PHASE_STRIP = NO;
				DEBUG_INFORMATION_FORMAT = dwarf;
				ENABLE_STRICT_OBJC_MSGSEND = YES;
				ENABLE_TESTABILITY = YES;
				GCC_C_LANGUAGE_STANDARD = gnu99;
				GCC_DYNAMIC_NO_PIC = NO;
				GCC_NO_COMMON_BLOCKS = YES;
				GCC_OPTIMIZATION_LEVEL = 0;
				GCC_PREPROCESSOR_DEFINITIONS = (
					"DEBUG=1",
					"$(inherited)",
				);
				GCC_WARN_64_TO_32_BIT_CONVERSION = YES;
				GCC_WARN_ABOUT_RETURN_TYPE = YES_ERROR;
				GCC_WARN_UNDECLARED_SELECTOR = YES;
				GCC_WARN_UNINITIALIZED_AUTOS = YES_AGGRESSIVE;
				GCC_WARN_UNUSED_FUNCTION = YES;
				GCC_WARN_UNUSED_VARIABLE = YES;
				IPHONEOS_DEPLOYMENT_TARGET = 10.2;
				MTL_ENABLE_DEBUG_INFO = YES;
				ONLY_ACTIVE_ARCH = YES;
				SDKROOT = iphoneos;
				SWIFT_ACTIVE_COMPILATION_CONDITIONS = DEBUG;
				SWIFT_OPTIMIZATION_LEVEL = "-Onone";
			};
			name = Debug;
		};
		3E1288971FBAAE72005D4247 /* Release */ = {
			isa = XCBuildConfiguration;
			buildSettings = {
				ALWAYS_SEARCH_USER_PATHS = NO;
				CLANG_ANALYZER_NONNULL = YES;
				CLANG_CXX_LANGUAGE_STANDARD = "gnu++0x";
				CLANG_CXX_LIBRARY = "libc++";
				CLANG_ENABLE_MODULES = YES;
				CLANG_ENABLE_OBJC_ARC = YES;
				CLANG_WARN_BOOL_CONVERSION = YES;
				CLANG_WARN_CONSTANT_CONVERSION = YES;
				CLANG_WARN_DIRECT_OBJC_ISA_USAGE = YES_ERROR;
				CLANG_WARN_DOCUMENTATION_COMMENTS = YES;
				CLANG_WARN_EMPTY_BODY = YES;
				CLANG_WARN_ENUM_CONVERSION = YES;
				CLANG_WARN_INFINITE_RECURSION = YES;
				CLANG_WARN_INT_CONVERSION = YES;
				CLANG_WARN_OBJC_ROOT_CLASS = YES_ERROR;
				CLANG_WARN_SUSPICIOUS_MOVE = YES;
				CLANG_WARN_UNREACHABLE_CODE = YES;
				CLANG_WARN__DUPLICATE_METHOD_MATCH = YES;
				"CODE_SIGN_IDENTITY[sdk=iphoneos*]" = "iPhone Developer";
				COPY_PHASE_STRIP = NO;
				DEBUG_INFORMATION_FORMAT = "dwarf-with-dsym";
				ENABLE_NS_ASSERTIONS = NO;
				ENABLE_STRICT_OBJC_MSGSEND = YES;
				GCC_C_LANGUAGE_STANDARD = gnu99;
				GCC_NO_COMMON_BLOCKS = YES;
				GCC_WARN_64_TO_32_BIT_CONVERSION = YES;
				GCC_WARN_ABOUT_RETURN_TYPE = YES_ERROR;
				GCC_WARN_UNDECLARED_SELECTOR = YES;
				GCC_WARN_UNINITIALIZED_AUTOS = YES_AGGRESSIVE;
				GCC_WARN_UNUSED_FUNCTION = YES;
				GCC_WARN_UNUSED_VARIABLE = YES;
				IPHONEOS_DEPLOYMENT_TARGET = 10.2;
				MTL_ENABLE_DEBUG_INFO = NO;
				SDKROOT = iphoneos;
				SWIFT_OPTIMIZATION_LEVEL = "-Owholemodule";
				VALIDATE_PRODUCT = YES;
			};
			name = Release;
		};
		3E1288991FBAAE72005D4247 /* Debug */ = {
			isa = XCBuildConfiguration;
			baseConfigurationReference = 5B3EFEA361A50BFDEC149AC9 /* Pods-TwitterClient.debug.xcconfig */;
			buildSettings = {
				ASSETCATALOG_COMPILER_APPICON_NAME = AppIcon;
				CLANG_ENABLE_MODULES = YES;
				DEVELOPMENT_TEAM = 7DRTN6B9Y6;
				INFOPLIST_FILE = TwitterClient/Info.plist;
				LD_RUNPATH_SEARCH_PATHS = "$(inherited) @executable_path/Frameworks";
				PRODUCT_BUNDLE_IDENTIFIER = com.TwitterTask.TwitterClient;
				PRODUCT_NAME = "$(TARGET_NAME)";
				SWIFT_OBJC_BRIDGING_HEADER = "TwitterClient/TwitterClient-Bridging-Header.h";
				SWIFT_OPTIMIZATION_LEVEL = "-Onone";
				SWIFT_VERSION = 3.0;
			};
			name = Debug;
		};
		3E12889A1FBAAE72005D4247 /* Release */ = {
			isa = XCBuildConfiguration;
			baseConfigurationReference = 0886945580E6B2F2218AD962 /* Pods-TwitterClient.release.xcconfig */;
			buildSettings = {
				ASSETCATALOG_COMPILER_APPICON_NAME = AppIcon;
				CLANG_ENABLE_MODULES = YES;
				DEVELOPMENT_TEAM = 7DRTN6B9Y6;
				INFOPLIST_FILE = TwitterClient/Info.plist;
				LD_RUNPATH_SEARCH_PATHS = "$(inherited) @executable_path/Frameworks";
				PRODUCT_BUNDLE_IDENTIFIER = com.TwitterTask.TwitterClient;
				PRODUCT_NAME = "$(TARGET_NAME)";
				SWIFT_OBJC_BRIDGING_HEADER = "TwitterClient/TwitterClient-Bridging-Header.h";
				SWIFT_VERSION = 3.0;
			};
			name = Release;
		};
/* End XCBuildConfiguration section */

/* Begin XCConfigurationList section */
		3E1288811FBAAE72005D4247 /* Build configuration list for PBXProject "TwitterClient" */ = {
			isa = XCConfigurationList;
			buildConfigurations = (
				3E1288961FBAAE72005D4247 /* Debug */,
				3E1288971FBAAE72005D4247 /* Release */,
			);
			defaultConfigurationIsVisible = 0;
			defaultConfigurationName = Release;
		};
		3E1288981FBAAE72005D4247 /* Build configuration list for PBXNativeTarget "TwitterClient" */ = {
			isa = XCConfigurationList;
			buildConfigurations = (
				3E1288991FBAAE72005D4247 /* Debug */,
				3E12889A1FBAAE72005D4247 /* Release */,
			);
			defaultConfigurationIsVisible = 0;
			defaultConfigurationName = Release;
		};
/* End XCConfigurationList section */
	};
	rootObject = 3E12887E1FBAAE72005D4247 /* Project object */;
}
