// !$*UTF8*$!
{
	archiveVersion = 1;
	classes = {
	};
	objectVersion = 46;
	objects = {

/* Begin PBXBuildFile section */
		3E12888A1FBAAE72005D4247 /* AppDelegate.swift in Sources */ = {isa = PBXBuildFile; fileRef = 3E1288891FBAAE72005D4247 /* AppDelegate.swift */; };
		3E12888F1FBAAE72005D4247 /* Main.storyboard in Resources */ = {isa = PBXBuildFile; fileRef = 3E12888D1FBAAE72005D4247 /* Main.storyboard */; };
		3E1288911FBAAE72005D4247 /* Assets.xcassets in Resources */ = {isa = PBXBuildFile; fileRef = 3E1288901FBAAE72005D4247 /* Assets.xcassets */; };
		3E1288941FBAAE72005D4247 /* LaunchScreen.storyboard in Resources */ = {isa = PBXBuildFile; fileRef = 3E1288921FBAAE72005D4247 /* LaunchScreen.storyboard */; };
		3E12889C1FBAB1F8005D4247 /* AppFlowViewController.swift in Sources */ = {isa = PBXBuildFile; fileRef = 3E12889B1FBAB1F8005D4247 /* AppFlowViewController.swift */; };
		3E12889F1FBAB280005D4247 /* UIViewController+instantiateFromStoryboard.swift in Sources */ = {isa = PBXBuildFile; fileRef = 3E12889E1FBAB280005D4247 /* UIViewController+instantiateFromStoryboard.swift */; };
		3ECE4F511FBAB3B10031E5E9 /* LoginViewController.swift in Sources */ = {isa = PBXBuildFile; fileRef = 3ECE4F501FBAB3B10031E5E9 /* LoginViewController.swift */; };
		3ECE4F541FBAB5600031E5E9 /* FollowersListViewController.swift in Sources */ = {isa = PBXBuildFile; fileRef = 3ECE4F531FBAB5600031E5E9 /* FollowersListViewController.swift */; };
/* End PBXBuildFile section */

/* Begin PBXFileReference section */
		3E1288861FBAAE72005D4247 /* TwitterClient.app */ = {isa = PBXFileReference; explicitFileType = wrapper.application; includeInIndex = 0; path = TwitterClient.app; sourceTree = BUILT_PRODUCTS_DIR; };
		3E1288891FBAAE72005D4247 /* AppDelegate.swift */ = {isa = PBXFileReference; lastKnownFileType = sourcecode.swift; path = AppDelegate.swift; sourceTree = "<group>"; };
		3E12888E1FBAAE72005D4247 /* Base */ = {isa = PBXFileReference; lastKnownFileType = file.storyboard; name = Base; path = Base.lproj/Main.storyboard; sourceTree = "<group>"; };
		3E1288901FBAAE72005D4247 /* Assets.xcassets */ = {isa = PBXFileReference; lastKnownFileType = folder.assetcatalog; path = Assets.xcassets; sourceTree = "<group>"; };
		3E1288931FBAAE72005D4247 /* Base */ = {isa = PBXFileReference; lastKnownFileType = file.storyboard; name = Base; path = Base.lproj/LaunchScreen.storyboard; sourceTree = "<group>"; };
		3E1288951FBAAE72005D4247 /* Info.plist */ = {isa = PBXFileReference; lastKnownFileType = text.plist.xml; path = Info.plist; sourceTree = "<group>"; };
		3E12889B1FBAB1F8005D4247 /* AppFlowViewController.swift */ = {isa = PBXFileReference; fileEncoding = 4; lastKnownFileType = sourcecode.swift; path = AppFlowViewController.swift; sourceTree = "<group>"; };
		3E12889E1FBAB280005D4247 /* UIViewController+instantiateFromStoryboard.swift */ = {isa = PBXFileReference; fileEncoding = 4; lastKnownFileType = sourcecode.swift; name = "UIViewController+instantiateFromStoryboard.swift"; path = "Extensions/UIViewController+instantiateFromStoryboard.swift"; sourceTree = "<group>"; };
		3ECE4F501FBAB3B10031E5E9 /* LoginViewController.swift */ = {isa = PBXFileReference; fileEncoding = 4; lastKnownFileType = sourcecode.swift; name = LoginViewController.swift; path = Modules/LoginViewController.swift; sourceTree = "<group>"; };
		3ECE4F531FBAB5600031E5E9 /* FollowersListViewController.swift */ = {isa = PBXFileReference; fileEncoding = 4; lastKnownFileType = sourcecode.swift; name = FollowersListViewController.swift; path = Modules/FollowersListViewController.swift; sourceTree = "<group>"; };
/* End PBXFileReference section */

/* Begin PBXFrameworksBuildPhase section */
		3E1288831FBAAE72005D4247 /* Frameworks */ = {
			isa = PBXFrameworksBuildPhase;
			buildActionMask = 2147483647;
			files = (
			);
			runOnlyForDeploymentPostprocessing = 0;
		};
/* End PBXFrameworksBuildPhase section */

/* Begin PBXGroup section */
		3E12887D1FBAAE72005D4247 = {
			isa = PBXGroup;
			children = (
				3E1288881FBAAE72005D4247 /* TwitterClient */,
				3E1288871FBAAE72005D4247 /* Products */,
			);
			sourceTree = "<group>";
		};
		3E1288871FBAAE72005D4247 /* Products */ = {
			isa = PBXGroup;
			children = (
				3E1288861FBAAE72005D4247 /* TwitterClient.app */,
			);
			name = Products;
			sourceTree = "<group>";
		};
		3E1288881FBAAE72005D4247 /* TwitterClient */ = {
			isa = PBXGroup;
			children = (
				3E12888D1FBAAE72005D4247 /* Main.storyboard */,
				3ECE4F521FBAB3B70031E5E9 /* Modules */,
				3E12889D1FBAB23D005D4247 /* Extensions */,
				3E1288A01FBAB2B1005D4247 /* SupportFiles */,
			);
			path = TwitterClient;
			sourceTree = "<group>";
		};
		3E12889D1FBAB23D005D4247 /* Extensions */ = {
			isa = PBXGroup;
			children = (
				3E12889E1FBAB280005D4247 /* UIViewController+instantiateFromStoryboard.swift */,
			);
			name = Extensions;
			sourceTree = "<group>";
		};
		3E1288A01FBAB2B1005D4247 /* SupportFiles */ = {
			isa = PBXGroup;
			children = (
				3E1288891FBAAE72005D4247 /* AppDelegate.swift */,
				3E1288921FBAAE72005D4247 /* LaunchScreen.storyboard */,
				3E1288901FBAAE72005D4247 /* Assets.xcassets */,
				3E1288951FBAAE72005D4247 /* Info.plist */,
			);
			name = SupportFiles;
			sourceTree = "<group>";
		};
		3ECE4F521FBAB3B70031E5E9 /* Modules */ = {
			isa = PBXGroup;
			children = (
				3ECE4F501FBAB3B10031E5E9 /* LoginViewController.swift */,
				3E12889B1FBAB1F8005D4247 /* AppFlowViewController.swift */,
				3ECE4F531FBAB5600031E5E9 /* FollowersListViewController.swift */,
			);
			name = Modules;
			sourceTree = "<group>";
		};
/* End PBXGroup section */

/* Begin PBXNativeTarget section */
		3E1288851FBAAE72005D4247 /* TwitterClient */ = {
			isa = PBXNativeTarget;
			buildConfigurationList = 3E1288981FBAAE72005D4247 /* Build configuration list for PBXNativeTarget "TwitterClient" */;
			buildPhases = (
				3E1288821FBAAE72005D4247 /* Sources */,
				3E1288831FBAAE72005D4247 /* Frameworks */,
				3E1288841FBAAE72005D4247 /* Resources */,
			);
			buildRules = (
			);
			dependencies = (
			);
			name = TwitterClient;
			productName = TwitterClient;
			productReference = 3E1288861FBAAE72005D4247 /* TwitterClient.app */;
			productType = "com.apple.product-type.application";
		};
/* End PBXNativeTarget section */

/* Begin PBXProject section */
		3E12887E1FBAAE72005D4247 /* Project object */ = {
			isa = PBXProject;
			attributes = {
				LastSwiftUpdateCheck = 0820;
				LastUpgradeCheck = 0820;
				ORGANIZATIONNAME = Elwan;
				TargetAttributes = {
					3E1288851FBAAE72005D4247 = {
						CreatedOnToolsVersion = 8.2.1;
						DevelopmentTeam = 7DRTN6B9Y6;
						ProvisioningStyle = Automatic;
					};
				};
			};
			buildConfigurationList = 3E1288811FBAAE72005D4247 /* Build configuration list for PBXProject "TwitterClient" */;
			compatibilityVersion = "Xcode 3.2";
			developmentRegion = English;
			hasScannedForEncodings = 0;
			knownRegions = (
				en,
				Base,
			);
			mainGroup = 3E12887D1FBAAE72005D4247;
			productRefGroup = 3E1288871FBAAE72005D4247 /* Products */;
			projectDirPath = "";
			projectRoot = "";
			targets = (
				3E1288851FBAAE72005D4247 /* TwitterClient */,
			);
		};
/* End PBXProject section */

/* Begin PBXResourcesBuildPhase section */
		3E1288841FBAAE72005D4247 /* Resources */ = {
			isa = PBXResourcesBuildPhase;
			buildActionMask = 2147483647;
			files = (
				3E1288941FBAAE72005D4247 /* LaunchScreen.storyboard in Resources */,
				3E1288911FBAAE72005D4247 /* Assets.xcassets in Resources */,
				3E12888F1FBAAE72005D4247 /* Main.storyboard in Resources */,
			);
			runOnlyForDeploymentPostprocessing = 0;
		};
/* End PBXResourcesBuildPhase section */

/* Begin PBXSourcesBuildPhase section */
		3E1288821FBAAE72005D4247 /* Sources */ = {
			isa = PBXSourcesBuildPhase;
			buildActionMask = 2147483647;
			files = (
				3ECE4F511FBAB3B10031E5E9 /* LoginViewController.swift in Sources */,
				3E12889C1FBAB1F8005D4247 /* AppFlowViewController.swift in Sources */,
				3E12889F1FBAB280005D4247 /* UIViewController+instantiateFromStoryboard.swift in Sources */,
				3E12888A1FBAAE72005D4247 /* AppDelegate.swift in Sources */,
				3ECE4F541FBAB5600031E5E9 /* FollowersListViewController.swift in Sources */,
			);
			runOnlyForDeploymentPostprocessing = 0;
		};
/* End PBXSourcesBuildPhase section */

/* Begin PBXVariantGroup section */
		3E12888D1FBAAE72005D4247 /* Main.storyboard */ = {
			isa = PBXVariantGroup;
			children = (
				3E12888E1FBAAE72005D4247 /* Base */,
			);
			name = Main.storyboard;
			sourceTree = "<group>";
		};
		3E1288921FBAAE72005D4247 /* LaunchScreen.storyboard */ = {
			isa = PBXVariantGroup;
			children = (
				3E1288931FBAAE72005D4247 /* Base */,
			);
			name = LaunchScreen.storyboard;
			sourceTree = "<group>";
		};
/* End PBXVariantGroup section */

/* Begin XCBuildConfiguration section */
		3E1288961FBAAE72005D4247 /* Debug */ = {
			isa = XCBuildConfiguration;
			buildSettings = {
				ALWAYS_SEARCH_USER_PATHS = NO;
				CLANG_ANALYZER_NONNULL = YES;
				CLANG_CXX_LANGUAGE_STANDARD = "gnu++0x";
				CLANG_CXX_LIBRARY = "libc++";
				CLANG_ENABLE_MODULES = YES;
				CLANG_ENABLE_OBJC_ARC = YES;
				CLANG_WARN_BOOL_CONVERSION = YES;
				CLANG_WARN_CONSTANT_CONVERSION = YES;
				CLANG_WARN_DIRECT_OBJC_ISA_USAGE = YES_ERROR;
				CLANG_WARN_DOCUMENTATION_COMMENTS = YES;
				CLANG_WARN_EMPTY_BODY = YES;
				CLANG_WARN_ENUM_CONVERSION = YES;
				CLANG_WARN_INFINITE_RECURSION = YES;
				CLANG_WARN_INT_CONVERSION = YES;
				CLANG_WARN_OBJC_ROOT_CLASS = YES_ERROR;
				CLANG_WARN_SUSPICIOUS_MOVE = YES;
				CLANG_WARN_UNREACHABLE_CODE = YES;
				CLANG_WARN__DUPLICATE_METHOD_MATCH = YES;
				"CODE_SIGN_IDENTITY[sdk=iphoneos*]" = "iPhone Developer";
				COPY_PHASE_STRIP = NO;
				DEBUG_INFORMATION_FORMAT = dwarf;
				ENABLE_STRICT_OBJC_MSGSEND = YES;
				ENABLE_TESTABILITY = YES;
				GCC_C_LANGUAGE_STANDARD = gnu99;
				GCC_DYNAMIC_NO_PIC = NO;
				GCC_NO_COMMON_BLOCKS = YES;
				GCC_OPTIMIZATION_LEVEL = 0;
				GCC_PREPROCESSOR_DEFINITIONS = (
					"DEBUG=1",
					"$(inherited)",
				);
				GCC_WARN_64_TO_32_BIT_CONVERSION = YES;
				GCC_WARN_ABOUT_RETURN_TYPE = YES_ERROR;
				GCC_WARN_UNDECLARED_SELECTOR = YES;
				GCC_WARN_UNINITIALIZED_AUTOS = YES_AGGRESSIVE;
				GCC_WARN_UNUSED_FUNCTION = YES;
				GCC_WARN_UNUSED_VARIABLE = YES;
				IPHONEOS_DEPLOYMENT_TARGET = 10.2;
				MTL_ENABLE_DEBUG_INFO = YES;
				ONLY_ACTIVE_ARCH = YES;
				SDKROOT = iphoneos;
				SWIFT_ACTIVE_COMPILATION_CONDITIONS = DEBUG;
				SWIFT_OPTIMIZATION_LEVEL = "-Onone";
			};
			name = Debug;
		};
		3E1288971FBAAE72005D4247 /* Release */ = {
			isa = XCBuildConfiguration;
			buildSettings = {
				ALWAYS_SEARCH_USER_PATHS = NO;
				CLANG_ANALYZER_NONNULL = YES;
				CLANG_CXX_LANGUAGE_STANDARD = "gnu++0x";
				CLANG_CXX_LIBRARY = "libc++";
				CLANG_ENABLE_MODULES = YES;
				CLANG_ENABLE_OBJC_ARC = YES;
				CLANG_WARN_BOOL_CONVERSION = YES;
				CLANG_WARN_CONSTANT_CONVERSION = YES;
				CLANG_WARN_DIRECT_OBJC_ISA_USAGE = YES_ERROR;
				CLANG_WARN_DOCUMENTATION_COMMENTS = YES;
				CLANG_WARN_EMPTY_BODY = YES;
				CLANG_WARN_ENUM_CONVERSION = YES;
				CLANG_WARN_INFINITE_RECURSION = YES;
				CLANG_WARN_INT_CONVERSION = YES;
				CLANG_WARN_OBJC_ROOT_CLASS = YES_ERROR;
				CLANG_WARN_SUSPICIOUS_MOVE = YES;
				CLANG_WARN_UNREACHABLE_CODE = YES;
				CLANG_WARN__DUPLICATE_METHOD_MATCH = YES;
				"CODE_SIGN_IDENTITY[sdk=iphoneos*]" = "iPhone Developer";
				COPY_PHASE_STRIP = NO;
				DEBUG_INFORMATION_FORMAT = "dwarf-with-dsym";
				ENABLE_NS_ASSERTIONS = NO;
				ENABLE_STRICT_OBJC_MSGSEND = YES;
				GCC_C_LANGUAGE_STANDARD = gnu99;
				GCC_NO_COMMON_BLOCKS = YES;
				GCC_WARN_64_TO_32_BIT_CONVERSION = YES;
				GCC_WARN_ABOUT_RETURN_TYPE = YES_ERROR;
				GCC_WARN_UNDECLARED_SELECTOR = YES;
				GCC_WARN_UNINITIALIZED_AUTOS = YES_AGGRESSIVE;
				GCC_WARN_UNUSED_FUNCTION = YES;
				GCC_WARN_UNUSED_VARIABLE = YES;
				IPHONEOS_DEPLOYMENT_TARGET = 10.2;
				MTL_ENABLE_DEBUG_INFO = NO;
				SDKROOT = iphoneos;
				SWIFT_OPTIMIZATION_LEVEL = "-Owholemodule";
				VALIDATE_PRODUCT = YES;
			};
			name = Release;
		};
		3E1288991FBAAE72005D4247 /* Debug */ = {
			isa = XCBuildConfiguration;
			buildSettings = {
				ASSETCATALOG_COMPILER_APPICON_NAME = AppIcon;
				DEVELOPMENT_TEAM = 7DRTN6B9Y6;
				INFOPLIST_FILE = TwitterClient/Info.plist;
				LD_RUNPATH_SEARCH_PATHS = "$(inherited) @executable_path/Frameworks";
				PRODUCT_BUNDLE_IDENTIFIER = com.TwitterTask.TwitterClient;
				PRODUCT_NAME = "$(TARGET_NAME)";
				SWIFT_VERSION = 3.0;
			};
			name = Debug;
		};
		3E12889A1FBAAE72005D4247 /* Release */ = {
			isa = XCBuildConfiguration;
			buildSettings = {
				ASSETCATALOG_COMPILER_APPICON_NAME = AppIcon;
				DEVELOPMENT_TEAM = 7DRTN6B9Y6;
				INFOPLIST_FILE = TwitterClient/Info.plist;
				LD_RUNPATH_SEARCH_PATHS = "$(inherited) @executable_path/Frameworks";
				PRODUCT_BUNDLE_IDENTIFIER = com.TwitterTask.TwitterClient;
				PRODUCT_NAME = "$(TARGET_NAME)";
				SWIFT_VERSION = 3.0;
			};
			name = Release;
		};
/* End XCBuildConfiguration section */

/* Begin XCConfigurationList section */
		3E1288811FBAAE72005D4247 /* Build configuration list for PBXProject "TwitterClient" */ = {
			isa = XCConfigurationList;
			buildConfigurations = (
				3E1288961FBAAE72005D4247 /* Debug */,
				3E1288971FBAAE72005D4247 /* Release */,
			);
			defaultConfigurationIsVisible = 0;
			defaultConfigurationName = Release;
		};
		3E1288981FBAAE72005D4247 /* Build configuration list for PBXNativeTarget "TwitterClient" */ = {
			isa = XCConfigurationList;
			buildConfigurations = (
				3E1288991FBAAE72005D4247 /* Debug */,
				3E12889A1FBAAE72005D4247 /* Release */,
			);
			defaultConfigurationIsVisible = 0;
			defaultConfigurationName = Release;
		};
/* End XCConfigurationList section */
	};
	rootObject = 3E12887E1FBAAE72005D4247 /* Project object */;
}
